// !$*UTF8*$!
{
	archiveVersion = 1;
	classes = {
	};
	objectVersion = 46;
	objects = {

/* Begin PBXBuildFile section */
		018BAE16198779330067C10C /* AppDelegate.swift in Sources */ = {isa = PBXBuildFile; fileRef = 018BAE15198779330067C10C /* AppDelegate.swift */; };
		018BAE18198779330067C10C /* GameViewController.swift in Sources */ = {isa = PBXBuildFile; fileRef = 018BAE17198779330067C10C /* GameViewController.swift */; };
		018BAE1B198779330067C10C /* Main.storyboard in Resources */ = {isa = PBXBuildFile; fileRef = 018BAE19198779330067C10C /* Main.storyboard */; };
		018BAE1D198779330067C10C /* Images.xcassets in Resources */ = {isa = PBXBuildFile; fileRef = 018BAE1C198779330067C10C /* Images.xcassets */; };
		018BAE29198779330067C10C /* PencilAdventureTests.swift in Sources */ = {isa = PBXBuildFile; fileRef = 018BAE28198779330067C10C /* PencilAdventureTests.swift */; };
		018BAE3719877EDE0067C10C /* GameScene.swift in Sources */ = {isa = PBXBuildFile; fileRef = 018BAE3619877EDE0067C10C /* GameScene.swift */; };
		018BAE3919877F090067C10C /* SpriteKit.framework in Frameworks */ = {isa = PBXBuildFile; fileRef = 018BAE3819877F090067C10C /* SpriteKit.framework */; };
		AE01006F19897BD600AFA442 /* PathApplier.m in Sources */ = {isa = PBXBuildFile; fileRef = AE01006E19897BD600AFA442 /* PathApplier.m */; };
		AE2056D3198B58CF00E7E302 /* CGPoint+Extensions.swift in Sources */ = {isa = PBXBuildFile; fileRef = AE2056D2198B58CF00E7E302 /* CGPoint+Extensions.swift */; };
		AE2056D5198B62B500E7E302 /* Point2D.swift in Sources */ = {isa = PBXBuildFile; fileRef = AE2056D4198B62B500E7E302 /* Point2D.swift */; };
		AE2056D7198B66D300E7E302 /* ImageTools.swift in Sources */ = {isa = PBXBuildFile; fileRef = AE2056D6198B66D300E7E302 /* ImageTools.swift */; };
		AE5468431988D80000C55823 /* CGVector+Extensions.swift in Sources */ = {isa = PBXBuildFile; fileRef = AE5468411988D80000C55823 /* CGVector+Extensions.swift */; };
		AE5468441988D80000C55823 /* CGFloat+Extensions.swift in Sources */ = {isa = PBXBuildFile; fileRef = AE5468421988D80000C55823 /* CGFloat+Extensions.swift */; };
		AE5468471988D85500C55823 /* GameScene.sks in Resources */ = {isa = PBXBuildFile; fileRef = AE5468461988D85500C55823 /* GameScene.sks */; };
		AEE5E0641989D9CC00664227 /* level.png in Resources */ = {isa = PBXBuildFile; fileRef = AEE5E0621989D9CC00664227 /* level.png */; };
/* End PBXBuildFile section */

/* Begin PBXContainerItemProxy section */
		018BAE23198779330067C10C /* PBXContainerItemProxy */ = {
			isa = PBXContainerItemProxy;
			containerPortal = 018BAE08198779330067C10C /* Project object */;
			proxyType = 1;
			remoteGlobalIDString = 018BAE0F198779330067C10C;
			remoteInfo = PencilAdventure;
		};
/* End PBXContainerItemProxy section */

/* Begin PBXFileReference section */
		018BAE10198779330067C10C /* PencilAdventure.app */ = {isa = PBXFileReference; explicitFileType = wrapper.application; includeInIndex = 0; path = PencilAdventure.app; sourceTree = BUILT_PRODUCTS_DIR; };
		018BAE14198779330067C10C /* Info.plist */ = {isa = PBXFileReference; lastKnownFileType = text.plist.xml; path = Info.plist; sourceTree = "<group>"; };
		018BAE15198779330067C10C /* AppDelegate.swift */ = {isa = PBXFileReference; lastKnownFileType = sourcecode.swift; path = AppDelegate.swift; sourceTree = "<group>"; };
		018BAE17198779330067C10C /* GameViewController.swift */ = {isa = PBXFileReference; lastKnownFileType = sourcecode.swift; path = GameViewController.swift; sourceTree = "<group>"; };
		018BAE1A198779330067C10C /* Base */ = {isa = PBXFileReference; lastKnownFileType = file.storyboard; name = Base; path = Base.lproj/Main.storyboard; sourceTree = "<group>"; };
		018BAE1C198779330067C10C /* Images.xcassets */ = {isa = PBXFileReference; lastKnownFileType = folder.assetcatalog; path = Images.xcassets; sourceTree = "<group>"; };
		018BAE22198779330067C10C /* PencilAdventureTests.xctest */ = {isa = PBXFileReference; explicitFileType = wrapper.cfbundle; includeInIndex = 0; path = PencilAdventureTests.xctest; sourceTree = BUILT_PRODUCTS_DIR; };
		018BAE27198779330067C10C /* Info.plist */ = {isa = PBXFileReference; lastKnownFileType = text.plist.xml; path = Info.plist; sourceTree = "<group>"; };
		018BAE28198779330067C10C /* PencilAdventureTests.swift */ = {isa = PBXFileReference; lastKnownFileType = sourcecode.swift; path = PencilAdventureTests.swift; sourceTree = "<group>"; };
		018BAE3619877EDE0067C10C /* GameScene.swift */ = {isa = PBXFileReference; fileEncoding = 4; lastKnownFileType = sourcecode.swift; path = GameScene.swift; sourceTree = "<group>"; };
		018BAE3819877F090067C10C /* SpriteKit.framework */ = {isa = PBXFileReference; lastKnownFileType = wrapper.framework; name = SpriteKit.framework; path = System/Library/Frameworks/SpriteKit.framework; sourceTree = SDKROOT; };
		AE01006D19897BD500AFA442 /* PencilAdventure-Bridging-Header.h */ = {isa = PBXFileReference; lastKnownFileType = sourcecode.c.h; path = "PencilAdventure-Bridging-Header.h"; sourceTree = "<group>"; };
		AE01006E19897BD600AFA442 /* PathApplier.m */ = {isa = PBXFileReference; fileEncoding = 4; lastKnownFileType = sourcecode.c.objc; path = PathApplier.m; sourceTree = "<group>"; };
		AE1D3CAB19899172000937FA /* PathApplier.h */ = {isa = PBXFileReference; lastKnownFileType = sourcecode.c.h; path = PathApplier.h; sourceTree = "<group>"; };
		AE2056D2198B58CF00E7E302 /* CGPoint+Extensions.swift */ = {isa = PBXFileReference; fileEncoding = 4; lastKnownFileType = sourcecode.swift; path = "CGPoint+Extensions.swift"; sourceTree = "<group>"; };
		AE2056D4198B62B500E7E302 /* Point2D.swift */ = {isa = PBXFileReference; fileEncoding = 4; lastKnownFileType = sourcecode.swift; path = Point2D.swift; sourceTree = "<group>"; };
		AE2056D6198B66D300E7E302 /* ImageTools.swift */ = {isa = PBXFileReference; fileEncoding = 4; lastKnownFileType = sourcecode.swift; path = ImageTools.swift; sourceTree = "<group>"; };
		AE5468411988D80000C55823 /* CGVector+Extensions.swift */ = {isa = PBXFileReference; fileEncoding = 4; lastKnownFileType = sourcecode.swift; path = "CGVector+Extensions.swift"; sourceTree = "<group>"; };
		AE5468421988D80000C55823 /* CGFloat+Extensions.swift */ = {isa = PBXFileReference; fileEncoding = 4; lastKnownFileType = sourcecode.swift; path = "CGFloat+Extensions.swift"; sourceTree = "<group>"; };
		AE5468461988D85500C55823 /* GameScene.sks */ = {isa = PBXFileReference; lastKnownFileType = file.sks; path = GameScene.sks; sourceTree = "<group>"; };
		AEE5E0621989D9CC00664227 /* level.png */ = {isa = PBXFileReference; lastKnownFileType = image.png; path = level.png; sourceTree = "<group>"; };
		AEE5E0631989D9CC00664227 /* level.psd */ = {isa = PBXFileReference; lastKnownFileType = file; path = level.psd; sourceTree = "<group>"; };
/* End PBXFileReference section */

/* Begin PBXFrameworksBuildPhase section */
		018BAE0D198779330067C10C /* Frameworks */ = {
			isa = PBXFrameworksBuildPhase;
			buildActionMask = 2147483647;
			files = (
				018BAE3919877F090067C10C /* SpriteKit.framework in Frameworks */,
			);
			runOnlyForDeploymentPostprocessing = 0;
		};
		018BAE1F198779330067C10C /* Frameworks */ = {
			isa = PBXFrameworksBuildPhase;
			buildActionMask = 2147483647;
			files = (
			);
			runOnlyForDeploymentPostprocessing = 0;
		};
/* End PBXFrameworksBuildPhase section */

/* Begin PBXGroup section */
		018BAE07198779330067C10C = {
			isa = PBXGroup;
			children = (
				018BAE12198779330067C10C /* PencilAdventure */,
				018BAE25198779330067C10C /* PencilAdventureTests */,
				018BAE11198779330067C10C /* Products */,
			);
			sourceTree = "<group>";
		};
		018BAE11198779330067C10C /* Products */ = {
			isa = PBXGroup;
			children = (
				018BAE10198779330067C10C /* PencilAdventure.app */,
				018BAE22198779330067C10C /* PencilAdventureTests.xctest */,
			);
			name = Products;
			sourceTree = "<group>";
		};
		018BAE12198779330067C10C /* PencilAdventure */ = {
			isa = PBXGroup;
			children = (
				AEE5E0611989D9CC00664227 /* Levels */,
				AE5468451988D80D00C55823 /* Vector */,
				AE1D3CAC1989AC36000937FA /* Objective-C */,
				018BAE15198779330067C10C /* AppDelegate.swift */,
				AE5468461988D85500C55823 /* GameScene.sks */,
				018BAE17198779330067C10C /* GameViewController.swift */,
				018BAE3619877EDE0067C10C /* GameScene.swift */,
				018BAE19198779330067C10C /* Main.storyboard */,
				018BAE1C198779330067C10C /* Images.xcassets */,
				018BAE13198779330067C10C /* Supporting Files */,
				AE2056D6198B66D300E7E302 /* ImageTools.swift */,
			);
			path = PencilAdventure;
			sourceTree = "<group>";
		};
		018BAE13198779330067C10C /* Supporting Files */ = {
			isa = PBXGroup;
			children = (
				018BAE3819877F090067C10C /* SpriteKit.framework */,
				018BAE14198779330067C10C /* Info.plist */,
			);
			name = "Supporting Files";
			sourceTree = "<group>";
		};
		018BAE25198779330067C10C /* PencilAdventureTests */ = {
			isa = PBXGroup;
			children = (
				018BAE28198779330067C10C /* PencilAdventureTests.swift */,
				018BAE26198779330067C10C /* Supporting Files */,
			);
			path = PencilAdventureTests;
			sourceTree = "<group>";
		};
		018BAE26198779330067C10C /* Supporting Files */ = {
			isa = PBXGroup;
			children = (
				018BAE27198779330067C10C /* Info.plist */,
			);
			name = "Supporting Files";
			sourceTree = "<group>";
		};
		AE1D3CAC1989AC36000937FA /* Objective-C */ = {
			isa = PBXGroup;
			children = (
				AE01006D19897BD500AFA442 /* PencilAdventure-Bridging-Header.h */,
				AE01006E19897BD600AFA442 /* PathApplier.m */,
				AE1D3CAB19899172000937FA /* PathApplier.h */,
			);
			name = "Objective-C";
			sourceTree = "<group>";
		};
		AE5468451988D80D00C55823 /* Vector */ = {
			isa = PBXGroup;
			children = (
				AE2056D4198B62B500E7E302 /* Point2D.swift */,
				AE2056D2198B58CF00E7E302 /* CGPoint+Extensions.swift */,
				AE5468411988D80000C55823 /* CGVector+Extensions.swift */,
				AE5468421988D80000C55823 /* CGFloat+Extensions.swift */,
			);
			name = Vector;
			sourceTree = "<group>";
		};
		AEE5E0611989D9CC00664227 /* Levels */ = {
			isa = PBXGroup;
			children = (
				AEE5E0621989D9CC00664227 /* level.png */,
				AEE5E0631989D9CC00664227 /* level.psd */,
			);
			path = Levels;
			sourceTree = "<group>";
		};
/* End PBXGroup section */

/* Begin PBXNativeTarget section */
		018BAE0F198779330067C10C /* PencilAdventure */ = {
			isa = PBXNativeTarget;
			buildConfigurationList = 018BAE2C198779330067C10C /* Build configuration list for PBXNativeTarget "PencilAdventure" */;
			buildPhases = (
				018BAE0C198779330067C10C /* Sources */,
				018BAE0D198779330067C10C /* Frameworks */,
				018BAE0E198779330067C10C /* Resources */,
			);
			buildRules = (
			);
			dependencies = (
			);
			name = PencilAdventure;
			productName = PencilAdventure;
			productReference = 018BAE10198779330067C10C /* PencilAdventure.app */;
			productType = "com.apple.product-type.application";
		};
		018BAE21198779330067C10C /* PencilAdventureTests */ = {
			isa = PBXNativeTarget;
			buildConfigurationList = 018BAE2F198779330067C10C /* Build configuration list for PBXNativeTarget "PencilAdventureTests" */;
			buildPhases = (
				018BAE1E198779330067C10C /* Sources */,
				018BAE1F198779330067C10C /* Frameworks */,
				018BAE20198779330067C10C /* Resources */,
			);
			buildRules = (
			);
			dependencies = (
				018BAE24198779330067C10C /* PBXTargetDependency */,
			);
			name = PencilAdventureTests;
			productName = PencilAdventureTests;
			productReference = 018BAE22198779330067C10C /* PencilAdventureTests.xctest */;
			productType = "com.apple.product-type.bundle.unit-test";
		};
/* End PBXNativeTarget section */

/* Begin PBXProject section */
		018BAE08198779330067C10C /* Project object */ = {
			isa = PBXProject;
			attributes = {
				LastUpgradeCheck = 0600;
				ORGANIZATIONNAME = backstopmedia;
				TargetAttributes = {
					018BAE0F198779330067C10C = {
						CreatedOnToolsVersion = 6.0;
					};
					018BAE21198779330067C10C = {
						CreatedOnToolsVersion = 6.0;
						TestTargetID = 018BAE0F198779330067C10C;
					};
				};
			};
			buildConfigurationList = 018BAE0B198779330067C10C /* Build configuration list for PBXProject "PencilAdventure" */;
			compatibilityVersion = "Xcode 3.2";
			developmentRegion = English;
			hasScannedForEncodings = 0;
			knownRegions = (
				en,
				Base,
			);
			mainGroup = 018BAE07198779330067C10C;
			productRefGroup = 018BAE11198779330067C10C /* Products */;
			projectDirPath = "";
			projectRoot = "";
			targets = (
				018BAE0F198779330067C10C /* PencilAdventure */,
				018BAE21198779330067C10C /* PencilAdventureTests */,
			);
		};
/* End PBXProject section */

/* Begin PBXResourcesBuildPhase section */
		018BAE0E198779330067C10C /* Resources */ = {
			isa = PBXResourcesBuildPhase;
			buildActionMask = 2147483647;
			files = (
				AEE5E0641989D9CC00664227 /* level.png in Resources */,
				018BAE1B198779330067C10C /* Main.storyboard in Resources */,
				AE5468471988D85500C55823 /* GameScene.sks in Resources */,
				018BAE1D198779330067C10C /* Images.xcassets in Resources */,
			);
			runOnlyForDeploymentPostprocessing = 0;
		};
		018BAE20198779330067C10C /* Resources */ = {
			isa = PBXResourcesBuildPhase;
			buildActionMask = 2147483647;
			files = (
			);
			runOnlyForDeploymentPostprocessing = 0;
		};
/* End PBXResourcesBuildPhase section */

/* Begin PBXSourcesBuildPhase section */
		018BAE0C198779330067C10C /* Sources */ = {
			isa = PBXSourcesBuildPhase;
			buildActionMask = 2147483647;
			files = (
				AE2056D5198B62B500E7E302 /* Point2D.swift in Sources */,
				AE2056D3198B58CF00E7E302 /* CGPoint+Extensions.swift in Sources */,
				AE5468431988D80000C55823 /* CGVector+Extensions.swift in Sources */,
				AE2056D7198B66D300E7E302 /* ImageTools.swift in Sources */,
				AE5468441988D80000C55823 /* CGFloat+Extensions.swift in Sources */,
				018BAE3719877EDE0067C10C /* GameScene.swift in Sources */,
				018BAE18198779330067C10C /* GameViewController.swift in Sources */,
				AE01006F19897BD600AFA442 /* PathApplier.m in Sources */,
				018BAE16198779330067C10C /* AppDelegate.swift in Sources */,
			);
			runOnlyForDeploymentPostprocessing = 0;
		};
		018BAE1E198779330067C10C /* Sources */ = {
			isa = PBXSourcesBuildPhase;
			buildActionMask = 2147483647;
			files = (
				018BAE29198779330067C10C /* PencilAdventureTests.swift in Sources */,
			);
			runOnlyForDeploymentPostprocessing = 0;
		};
/* End PBXSourcesBuildPhase section */

/* Begin PBXTargetDependency section */
		018BAE24198779330067C10C /* PBXTargetDependency */ = {
			isa = PBXTargetDependency;
			target = 018BAE0F198779330067C10C /* PencilAdventure */;
			targetProxy = 018BAE23198779330067C10C /* PBXContainerItemProxy */;
		};
/* End PBXTargetDependency section */

/* Begin PBXVariantGroup section */
		018BAE19198779330067C10C /* Main.storyboard */ = {
			isa = PBXVariantGroup;
			children = (
				018BAE1A198779330067C10C /* Base */,
			);
			name = Main.storyboard;
			sourceTree = "<group>";
		};
/* End PBXVariantGroup section */

/* Begin XCBuildConfiguration section */
		018BAE2A198779330067C10C /* Debug */ = {
			isa = XCBuildConfiguration;
			buildSettings = {
				ALWAYS_SEARCH_USER_PATHS = NO;
				CLANG_CXX_LANGUAGE_STANDARD = "gnu++0x";
				CLANG_CXX_LIBRARY = "libc++";
				CLANG_ENABLE_MODULES = YES;
				CLANG_ENABLE_OBJC_ARC = YES;
				CLANG_WARN_BOOL_CONVERSION = YES;
				CLANG_WARN_CONSTANT_CONVERSION = YES;
				CLANG_WARN_DIRECT_OBJC_ISA_USAGE = YES_ERROR;
				CLANG_WARN_EMPTY_BODY = YES;
				CLANG_WARN_ENUM_CONVERSION = YES;
				CLANG_WARN_INT_CONVERSION = YES;
				CLANG_WARN_OBJC_ROOT_CLASS = YES_ERROR;
				CLANG_WARN_UNREACHABLE_CODE = YES;
				CLANG_WARN__DUPLICATE_METHOD_MATCH = YES;
				"CODE_SIGN_IDENTITY[sdk=iphoneos*]" = "iPhone Developer";
				COPY_PHASE_STRIP = NO;
				ENABLE_STRICT_OBJC_MSGSEND = YES;
				GCC_C_LANGUAGE_STANDARD = gnu99;
				GCC_DYNAMIC_NO_PIC = NO;
				GCC_OPTIMIZATION_LEVEL = 0;
				GCC_PREPROCESSOR_DEFINITIONS = (
					"DEBUG=1",
					"$(inherited)",
				);
				GCC_SYMBOLS_PRIVATE_EXTERN = NO;
				GCC_WARN_64_TO_32_BIT_CONVERSION = YES;
				GCC_WARN_ABOUT_RETURN_TYPE = YES_ERROR;
				GCC_WARN_UNDECLARED_SELECTOR = YES;
				GCC_WARN_UNINITIALIZED_AUTOS = YES_AGGRESSIVE;
				GCC_WARN_UNUSED_FUNCTION = YES;
				GCC_WARN_UNUSED_VARIABLE = YES;
				IPHONEOS_DEPLOYMENT_TARGET = 8.0;
				METAL_ENABLE_DEBUG_INFO = YES;
				ONLY_ACTIVE_ARCH = YES;
				SDKROOT = iphoneos;
				SWIFT_OPTIMIZATION_LEVEL = "-Onone";
			};
			name = Debug;
		};
		018BAE2B198779330067C10C /* Release */ = {
			isa = XCBuildConfiguration;
			buildSettings = {
				ALWAYS_SEARCH_USER_PATHS = NO;
				CLANG_CXX_LANGUAGE_STANDARD = "gnu++0x";
				CLANG_CXX_LIBRARY = "libc++";
				CLANG_ENABLE_MODULES = YES;
				CLANG_ENABLE_OBJC_ARC = YES;
				CLANG_WARN_BOOL_CONVERSION = YES;
				CLANG_WARN_CONSTANT_CONVERSION = YES;
				CLANG_WARN_DIRECT_OBJC_ISA_USAGE = YES_ERROR;
				CLANG_WARN_EMPTY_BODY = YES;
				CLANG_WARN_ENUM_CONVERSION = YES;
				CLANG_WARN_INT_CONVERSION = YES;
				CLANG_WARN_OBJC_ROOT_CLASS = YES_ERROR;
				CLANG_WARN_UNREACHABLE_CODE = YES;
				CLANG_WARN__DUPLICATE_METHOD_MATCH = YES;
				"CODE_SIGN_IDENTITY[sdk=iphoneos*]" = "iPhone Developer";
				COPY_PHASE_STRIP = YES;
				ENABLE_NS_ASSERTIONS = NO;
				ENABLE_STRICT_OBJC_MSGSEND = YES;
				GCC_C_LANGUAGE_STANDARD = gnu99;
				GCC_WARN_64_TO_32_BIT_CONVERSION = YES;
				GCC_WARN_ABOUT_RETURN_TYPE = YES_ERROR;
				GCC_WARN_UNDECLARED_SELECTOR = YES;
				GCC_WARN_UNINITIALIZED_AUTOS = YES_AGGRESSIVE;
				GCC_WARN_UNUSED_FUNCTION = YES;
				GCC_WARN_UNUSED_VARIABLE = YES;
				IPHONEOS_DEPLOYMENT_TARGET = 8.0;
				METAL_ENABLE_DEBUG_INFO = NO;
				SDKROOT = iphoneos;
				VALIDATE_PRODUCT = YES;
			};
			name = Release;
		};
		018BAE2D198779330067C10C /* Debug */ = {
			isa = XCBuildConfiguration;
			buildSettings = {
				ASSETCATALOG_COMPILER_APPICON_NAME = AppIcon;
				ASSETCATALOG_COMPILER_LAUNCHIMAGE_NAME = LaunchImage;
				CLANG_ENABLE_MODULES = YES;
				INFOPLIST_FILE = PencilAdventure/Info.plist;
				LD_RUNPATH_SEARCH_PATHS = "$(inherited) @executable_path/Frameworks";
				PRODUCT_NAME = "$(TARGET_NAME)";
				SWIFT_OBJC_BRIDGING_HEADER = "PencilAdventure/PencilAdventure-Bridging-Header.h";
				SWIFT_OPTIMIZATION_LEVEL = "-Onone";
			};
			name = Debug;
		};
		018BAE2E198779330067C10C /* Release */ = {
			isa = XCBuildConfiguration;
			buildSettings = {
				ASSETCATALOG_COMPILER_APPICON_NAME = AppIcon;
				ASSETCATALOG_COMPILER_LAUNCHIMAGE_NAME = LaunchImage;
				CLANG_ENABLE_MODULES = YES;
				INFOPLIST_FILE = PencilAdventure/Info.plist;
				LD_RUNPATH_SEARCH_PATHS = "$(inherited) @executable_path/Frameworks";
				PRODUCT_NAME = "$(TARGET_NAME)";
				SWIFT_OBJC_BRIDGING_HEADER = "PencilAdventure/PencilAdventure-Bridging-Header.h";
			};
			name = Release;
		};
		018BAE30198779330067C10C /* Debug */ = {
			isa = XCBuildConfiguration;
			buildSettings = {
				BUNDLE_LOADER = "$(BUILT_PRODUCTS_DIR)/PencilAdventure.app/PencilAdventure";
				FRAMEWORK_SEARCH_PATHS = (
					"$(SDKROOT)/Developer/Library/Frameworks",
					"$(inherited)",
				);
				GCC_PREPROCESSOR_DEFINITIONS = (
					"DEBUG=1",
					"$(inherited)",
				);
				INFOPLIST_FILE = PencilAdventureTests/Info.plist;
				LD_RUNPATH_SEARCH_PATHS = "$(inherited) @executable_path/Frameworks @loader_path/Frameworks";
				METAL_ENABLE_DEBUG_INFO = YES;
				PRODUCT_NAME = "$(TARGET_NAME)";
				TEST_HOST = "$(BUNDLE_LOADER)";
			};
			name = Debug;
		};
		018BAE31198779330067C10C /* Release */ = {
			isa = XCBuildConfiguration;
			buildSettings = {
				BUNDLE_LOADER = "$(BUILT_PRODUCTS_DIR)/PencilAdventure.app/PencilAdventure";
				FRAMEWORK_SEARCH_PATHS = (
					"$(SDKROOT)/Developer/Library/Frameworks",
					"$(inherited)",
				);
				INFOPLIST_FILE = PencilAdventureTests/Info.plist;
				LD_RUNPATH_SEARCH_PATHS = "$(inherited) @executable_path/Frameworks @loader_path/Frameworks";
				METAL_ENABLE_DEBUG_INFO = NO;
				PRODUCT_NAME = "$(TARGET_NAME)";
				TEST_HOST = "$(BUNDLE_LOADER)";
			};
			name = Release;
		};
/* End XCBuildConfiguration section */

/* Begin XCConfigurationList section */
		018BAE0B198779330067C10C /* Build configuration list for PBXProject "PencilAdventure" */ = {
			isa = XCConfigurationList;
			buildConfigurations = (
				018BAE2A198779330067C10C /* Debug */,
				018BAE2B198779330067C10C /* Release */,
			);
			defaultConfigurationIsVisible = 0;
			defaultConfigurationName = Release;
		};
		018BAE2C198779330067C10C /* Build configuration list for PBXNativeTarget "PencilAdventure" */ = {
			isa = XCConfigurationList;
			buildConfigurations = (
				018BAE2D198779330067C10C /* Debug */,
				018BAE2E198779330067C10C /* Release */,
			);
			defaultConfigurationIsVisible = 0;
			defaultConfigurationName = Release;
		};
		018BAE2F198779330067C10C /* Build configuration list for PBXNativeTarget "PencilAdventureTests" */ = {
			isa = XCConfigurationList;
			buildConfigurations = (
				018BAE30198779330067C10C /* Debug */,
				018BAE31198779330067C10C /* Release */,
			);
			defaultConfigurationIsVisible = 0;
			defaultConfigurationName = Release;
		};
/* End XCConfigurationList section */
	};
	rootObject = 018BAE08198779330067C10C /* Project object */;
}
